
Microsoft Visual Studio Solution File, Format Version 12.00
# Visual Studio Version 16
VisualStudioVersion = 16.0.32126.315
MinimumVisualStudioVersion = 10.0.40219.1
Project("{FAE04EC0-301F-11D3-BF4B-00C04F79EFBC}") = "CrudBootstrap", "CrudBootstrap\CrudBootstrap.csproj", "{6AB6EC51-0869-4065-B2A3-B86006BD8167}"
EndProject
Global
	GlobalSection(SolutionConfigurationPlatforms) = preSolution
		Debug|Any CPU = Debug|Any CPU
		Release|Any CPU = Release|Any CPU
	EndGlobalSection
	GlobalSection(ProjectConfigurationPlatforms) = postSolution
		{6AB6EC51-0869-4065-B2A3-B86006BD8167}.Debug|Any CPU.ActiveCfg = Debug|Any CPU
		{6AB6EC51-0869-4065-B2A3-B86006BD8167}.Debug|Any CPU.Build.0 = Debug|Any CPU
		{6AB6EC51-0869-4065-B2A3-B86006BD8167}.Release|Any CPU.ActiveCfg = Release|Any CPU
		{6AB6EC51-0869-4065-B2A3-B86006BD8167}.Release|Any CPU.Build.0 = Release|Any CPU
	EndGlobalSection
	GlobalSection(SolutionProperties) = preSolution
		HideSolutionNode = FALSE
	EndGlobalSection
	GlobalSection(ExtensibilityGlobals) = postSolution
		SolutionGuid = {AE7E5FC2-A9FB-44D1-AA28-3076FC0497FE}
	EndGlobalSection
EndGlobal
